
Microsoft Visual Studio Solution File, Format Version 12.00
# Visual Studio 15
VisualStudioVersion = 15.0.28307.168
MinimumVisualStudioVersion = 10.0.40219.1
Project("{FAE04EC0-301F-11D3-BF4B-00C04F79EFBC}") = "Tutorial", "Tutorial\Tutorial.csproj", "{CDFD32A0-4848-4896-9919-F81EC5DA08DC}"
EndProject
Project("{FAE04EC0-301F-11D3-BF4B-00C04F79EFBC}") = "Second", "ConsoleApp1\Second.csproj", "{E455309B-AFA6-46AB-ACB0-B64E43D4D04F}"
EndProject
Global
	GlobalSection(SolutionConfigurationPlatforms) = preSolution
		Debug|Any CPU = Debug|Any CPU
		Release|Any CPU = Release|Any CPU
	EndGlobalSection
	GlobalSection(ProjectConfigurationPlatforms) = postSolution
		{CDFD32A0-4848-4896-9919-F81EC5DA08DC}.Debug|Any CPU.ActiveCfg = Debug|Any CPU
		{CDFD32A0-4848-4896-9919-F81EC5DA08DC}.Debug|Any CPU.Build.0 = Debug|Any CPU
		{CDFD32A0-4848-4896-9919-F81EC5DA08DC}.Release|Any CPU.ActiveCfg = Release|Any CPU
		{CDFD32A0-4848-4896-9919-F81EC5DA08DC}.Release|Any CPU.Build.0 = Release|Any CPU
		{E455309B-AFA6-46AB-ACB0-B64E43D4D04F}.Debug|Any CPU.ActiveCfg = Debug|Any CPU
		{E455309B-AFA6-46AB-ACB0-B64E43D4D04F}.Debug|Any CPU.Build.0 = Debug|Any CPU
		{E455309B-AFA6-46AB-ACB0-B64E43D4D04F}.Release|Any CPU.ActiveCfg = Release|Any CPU
		{E455309B-AFA6-46AB-ACB0-B64E43D4D04F}.Release|Any CPU.Build.0 = Release|Any CPU
	EndGlobalSection
	GlobalSection(SolutionProperties) = preSolution
		HideSolutionNode = FALSE
	EndGlobalSection
	GlobalSection(ExtensibilityGlobals) = postSolution
		SolutionGuid = {BF43EB47-65F7-49A5-B4AB-9A801A17C3B0}
	EndGlobalSection
EndGlobal
